
Microsoft Visual Studio Solution File, Format Version 12.00
# Visual Studio Version 17
VisualStudioVersion = 17.3.32901.215
MinimumVisualStudioVersion = 10.0.40219.1
Project("{9A19103F-16F7-4668-BE54-9A1E7A4F7556}") = "GloryBot", "GloryBot\GloryBot.csproj", "{88CC0385-CBF1-408C-A171-4D84EB29E00F}"
EndProject
Project("{9A19103F-16F7-4668-BE54-9A1E7A4F7556}") = "TrovoCore", "..\TrovoCore\TrovoCore\TrovoCore.csproj", "{7251C924-22DF-49DF-8769-FB6ED58171C6}"
EndProject
Global
	GlobalSection(SolutionConfigurationPlatforms) = preSolution
		Debug|Any CPU = Debug|Any CPU
		Release|Any CPU = Release|Any CPU
	EndGlobalSection
	GlobalSection(ProjectConfigurationPlatforms) = postSolution
		{88CC0385-CBF1-408C-A171-4D84EB29E00F}.Debug|Any CPU.ActiveCfg = Debug|Any CPU
		{88CC0385-CBF1-408C-A171-4D84EB29E00F}.Debug|Any CPU.Build.0 = Debug|Any CPU
		{88CC0385-CBF1-408C-A171-4D84EB29E00F}.Release|Any CPU.ActiveCfg = Release|Any CPU
		{88CC0385-CBF1-408C-A171-4D84EB29E00F}.Release|Any CPU.Build.0 = Release|Any CPU
		{7251C924-22DF-49DF-8769-FB6ED58171C6}.Debug|Any CPU.ActiveCfg = Debug|Any CPU
		{7251C924-22DF-49DF-8769-FB6ED58171C6}.Debug|Any CPU.Build.0 = Debug|Any CPU
		{7251C924-22DF-49DF-8769-FB6ED58171C6}.Release|Any CPU.ActiveCfg = Release|Any CPU
		{7251C924-22DF-49DF-8769-FB6ED58171C6}.Release|Any CPU.Build.0 = Release|Any CPU
	EndGlobalSection
	GlobalSection(SolutionProperties) = preSolution
		HideSolutionNode = FALSE
	EndGlobalSection
	GlobalSection(ExtensibilityGlobals) = postSolution
		SolutionGuid = {A2602D25-6DCF-420E-B060-C0654DF6E1EC}
	EndGlobalSection
EndGlobal
